
Microsoft Visual Studio Solution File, Format Version 12.00
# Visual Studio Version 16
VisualStudioVersion = 16.0.29306.81
MinimumVisualStudioVersion = 10.0.40219.1
Project("{9A19103F-16F7-4668-BE54-9A1E7A4F7556}") = "McsResultHost", "McsResultHost\McsResultHost.csproj", "{E1D00363-A962-4352-B4E2-5CEDBDA016CF}"
EndProject
Project("{9A19103F-16F7-4668-BE54-9A1E7A4F7556}") = "McsRequestClient", "McsRequestClient\McsRequestClient.csproj", "{C5BD3EFA-D67D-4218-AADC-9EAB2F709019}"
EndProject
Project("{2150E333-8FDC-42A3-9474-1A3956D46DE8}") = "Notes", "Notes", "{CFB53C79-D79D-4BCE-9BA3-0E995615A961}"
	ProjectSection(SolutionItems) = preProject
		Readme.md = Readme.md
	EndProjectSection
EndProject
Project("{2150E333-8FDC-42A3-9474-1A3956D46DE8}") = "Solution Items", "Solution Items", "{413D5F51-7E8C-4F57-91FA-33C4E5AB26E5}"
	ProjectSection(SolutionItems) = preProject
		build.ps1 = build.ps1
	EndProjectSection
EndProject
Global
	GlobalSection(SolutionConfigurationPlatforms) = preSolution
		Debug|Any CPU = Debug|Any CPU
		Release|Any CPU = Release|Any CPU
	EndGlobalSection
	GlobalSection(ProjectConfigurationPlatforms) = postSolution
		{E1D00363-A962-4352-B4E2-5CEDBDA016CF}.Debug|Any CPU.ActiveCfg = Debug|Any CPU
		{E1D00363-A962-4352-B4E2-5CEDBDA016CF}.Debug|Any CPU.Build.0 = Debug|Any CPU
		{E1D00363-A962-4352-B4E2-5CEDBDA016CF}.Release|Any CPU.ActiveCfg = Release|Any CPU
		{E1D00363-A962-4352-B4E2-5CEDBDA016CF}.Release|Any CPU.Build.0 = Release|Any CPU
		{C5BD3EFA-D67D-4218-AADC-9EAB2F709019}.Debug|Any CPU.ActiveCfg = Debug|Any CPU
		{C5BD3EFA-D67D-4218-AADC-9EAB2F709019}.Debug|Any CPU.Build.0 = Debug|Any CPU
		{C5BD3EFA-D67D-4218-AADC-9EAB2F709019}.Release|Any CPU.ActiveCfg = Release|Any CPU
		{C5BD3EFA-D67D-4218-AADC-9EAB2F709019}.Release|Any CPU.Build.0 = Release|Any CPU
	EndGlobalSection
	GlobalSection(SolutionProperties) = preSolution
		HideSolutionNode = FALSE
	EndGlobalSection
	GlobalSection(ExtensibilityGlobals) = postSolution
		SolutionGuid = {FD6CAA90-A541-4517-9C4A-0AF0D1226911}
	EndGlobalSection
EndGlobal
